
Microsoft Visual Studio Solution File, Format Version 12.00
# Visual Studio Version 17
VisualStudioVersion = 17.11.35312.102
MinimumVisualStudioVersion = 10.0.40219.1
Project("{FAE04EC0-301F-11D3-BF4B-00C04F79EFBC}") = "Master_Practice", "Master_Practice.csproj", "{2C816AA2-0DBB-488F-8F75-88F020FA5009}"
EndProject
Global
	GlobalSection(SolutionConfigurationPlatforms) = preSolution
		Debug|Any CPU = Debug|Any CPU
		Release|Any CPU = Release|Any CPU
	EndGlobalSection
	GlobalSection(ProjectConfigurationPlatforms) = postSolution
		{2C816AA2-0DBB-488F-8F75-88F020FA5009}.Debug|Any CPU.ActiveCfg = Debug|Any CPU
		{2C816AA2-0DBB-488F-8F75-88F020FA5009}.Debug|Any CPU.Build.0 = Debug|Any CPU
		{2C816AA2-0DBB-488F-8F75-88F020FA5009}.Release|Any CPU.ActiveCfg = Release|Any CPU
		{2C816AA2-0DBB-488F-8F75-88F020FA5009}.Release|Any CPU.Build.0 = Release|Any CPU
	EndGlobalSection
	GlobalSection(SolutionProperties) = preSolution
		HideSolutionNode = FALSE
	EndGlobalSection
	GlobalSection(ExtensibilityGlobals) = postSolution
		SolutionGuid = {F7EF523D-4D4B-4568-8360-B0EEE65FB160}
	EndGlobalSection
EndGlobal
